
Microsoft Visual Studio Solution File, Format Version 12.00
# Visual Studio Version 17
VisualStudioVersion = 17.11.35312.102
MinimumVisualStudioVersion = 10.0.40219.1
Project("{FAE04EC0-301F-11D3-BF4B-00C04F79EFBC}") = "Composite", "Composite\Composite.csproj", "{D6F54E5E-DBE2-4906-A306-EBA12549DC5D}"
EndProject
Global
	GlobalSection(SolutionConfigurationPlatforms) = preSolution
		Debug|Any CPU = Debug|Any CPU
		Release|Any CPU = Release|Any CPU
	EndGlobalSection
	GlobalSection(ProjectConfigurationPlatforms) = postSolution
		{D6F54E5E-DBE2-4906-A306-EBA12549DC5D}.Debug|Any CPU.ActiveCfg = Debug|Any CPU
		{D6F54E5E-DBE2-4906-A306-EBA12549DC5D}.Debug|Any CPU.Build.0 = Debug|Any CPU
		{D6F54E5E-DBE2-4906-A306-EBA12549DC5D}.Release|Any CPU.ActiveCfg = Release|Any CPU
		{D6F54E5E-DBE2-4906-A306-EBA12549DC5D}.Release|Any CPU.Build.0 = Release|Any CPU
	EndGlobalSection
	GlobalSection(SolutionProperties) = preSolution
		HideSolutionNode = FALSE
	EndGlobalSection
	GlobalSection(ExtensibilityGlobals) = postSolution
		SolutionGuid = {CADA2108-2467-42A9-83C6-50E9F169098B}
	EndGlobalSection
EndGlobal
